# This file is automatically @generated by Cargo.
# It is not intended for manual editing.
version = 3

[[package]]
name = "byteorder"
version = "1.5.0"
source = "registry+https://github.com/rust-lang/crates.io-index"
checksum = "1fd0f2584146f6f2ef48085050886acf353beff7305ebd1ae69500e27c67f64b"

[[package]]
name = "maths-rs"
version = "0.2.5"
source = "registry+https://github.com/rust-lang/crates.io-index"
checksum = "e71d151f69516b0b9f474ae6f6ab526f92dd73d7735090f3c823ab483d518840"

[[package]]
name = "oorandom"
version = "11.1.3"
source = "registry+https://github.com/rust-lang/crates.io-index"
checksum = "0ab1bc2a289d34bd04a330323ac98a1b4bc82c9d9fcb1e66b63caa84da26b575"

[[package]]
name = "oort"
version = "0.1.0"
dependencies = [
 "oort_api",
]

[[package]]
name = "oort_api"
version = "0.65.1"
source = "registry+https://github.com/rust-lang/crates.io-index"
checksum = "cffaf84d0a40a6e107ad56a40db58ae615562a6d3e482025c0be1e77de2a73b2"
dependencies = [
 "byteorder",
 "maths-rs",
 "oorandom",
]
